
Microsoft Visual Studio Solution File, Format Version 12.00
# Visual Studio Version 16
VisualStudioVersion = 16.0.31313.79
MinimumVisualStudioVersion = 10.0.40219.1
Project("{FAE04EC0-301F-11D3-BF4B-00C04F79EFBC}") = "BeehiveManagementSystem", "BeehiveManagementSystem\BeehiveManagementSystem.csproj", "{72A01015-3A33-4365-8C1E-A45A157FCDEC}"
EndProject
Global
	GlobalSection(SolutionConfigurationPlatforms) = preSolution
		Debug|Any CPU = Debug|Any CPU
		Release|Any CPU = Release|Any CPU
	EndGlobalSection
	GlobalSection(ProjectConfigurationPlatforms) = postSolution
		{72A01015-3A33-4365-8C1E-A45A157FCDEC}.Debug|Any CPU.ActiveCfg = Debug|Any CPU
		{72A01015-3A33-4365-8C1E-A45A157FCDEC}.Debug|Any CPU.Build.0 = Debug|Any CPU
		{72A01015-3A33-4365-8C1E-A45A157FCDEC}.Release|Any CPU.ActiveCfg = Release|Any CPU
		{72A01015-3A33-4365-8C1E-A45A157FCDEC}.Release|Any CPU.Build.0 = Release|Any CPU
	EndGlobalSection
	GlobalSection(SolutionProperties) = preSolution
		HideSolutionNode = FALSE
	EndGlobalSection
	GlobalSection(ExtensibilityGlobals) = postSolution
		SolutionGuid = {6D128E6B-C40D-4C1A-849C-BADC32F97B21}
	EndGlobalSection
EndGlobal
